// !$*UTF8*$!
{
	archiveVersion = 1;
	classes = {
	};
	objectVersion = 46;
	objects = {

/* Begin PBXBuildFile section */
		2ACC304FF1BE81F0FFF3115E /* libPods-Menlo Hacks.a in Frameworks */ = {isa = PBXBuildFile; fileRef = 797091ECAB229F087FD5839B /* libPods-Menlo Hacks.a */; };
		BE261A051C3321A000BB5920 /* main.m in Sources */ = {isa = PBXBuildFile; fileRef = BE261A041C3321A000BB5920 /* main.m */; };
		BE261A081C3321A000BB5920 /* AppDelegate.m in Sources */ = {isa = PBXBuildFile; fileRef = BE261A071C3321A000BB5920 /* AppDelegate.m */; };
		BE261A0B1C3321A000BB5920 /* ScheduleViewController.m in Sources */ = {isa = PBXBuildFile; fileRef = BE261A0A1C3321A000BB5920 /* ScheduleViewController.m */; };
		BE261A101C3321A000BB5920 /* Assets.xcassets in Resources */ = {isa = PBXBuildFile; fileRef = BE261A0F1C3321A000BB5920 /* Assets.xcassets */; };
		BE261A131C3321A000BB5920 /* LaunchScreen.storyboard in Resources */ = {isa = PBXBuildFile; fileRef = BE261A111C3321A000BB5920 /* LaunchScreen.storyboard */; };
		BE386FCD1C33234700020989 /* API Keys.plist in Resources */ = {isa = PBXBuildFile; fileRef = BE386FCC1C33234700020989 /* API Keys.plist */; };
		BE386FD01C33250400020989 /* APIKeyStoreController.m in Sources */ = {isa = PBXBuildFile; fileRef = BE386FCF1C33250400020989 /* APIKeyStoreController.m */; };
		BE386FD31C334C2800020989 /* TimeView.m in Sources */ = {isa = PBXBuildFile; fileRef = BE386FD21C334C2800020989 /* TimeView.m */; };
		BE386FD61C33554A00020989 /* UIFontDescriptor+AvenirNext.m in Sources */ = {isa = PBXBuildFile; fileRef = BE386FD51C33554A00020989 /* UIFontDescriptor+AvenirNext.m */; };
		BE386FDB1C33577900020989 /* AutolayoutHelper.m in Sources */ = {isa = PBXBuildFile; fileRef = BE386FD81C33577900020989 /* AutolayoutHelper.m */; };
		BE386FDC1C33577900020989 /* LinearLayout.m in Sources */ = {isa = PBXBuildFile; fileRef = BE386FDA1C33577900020989 /* LinearLayout.m */; };
		BE386FE81C336D3300020989 /* NSDate+Utilities.m in Sources */ = {isa = PBXBuildFile; fileRef = BE386FE71C336D3300020989 /* NSDate+Utilities.m */; };
		BE386FEB1C34847F00020989 /* MainEventDetailsStoreController.m in Sources */ = {isa = PBXBuildFile; fileRef = BE386FEA1C34847F00020989 /* MainEventDetailsStoreController.m */; };
		BE386FEE1C349D7200020989 /* UIColor+ColorPalette.m in Sources */ = {isa = PBXBuildFile; fileRef = BE386FED1C349D7200020989 /* UIColor+ColorPalette.m */; };
		BE386FF21C34A52200020989 /* ScheduleStoreController.m in Sources */ = {isa = PBXBuildFile; fileRef = BE386FF11C34A52200020989 /* ScheduleStoreController.m */; };
		BE386FF51C34A59200020989 /* Event.m in Sources */ = {isa = PBXBuildFile; fileRef = BE386FF41C34A59200020989 /* Event.m */; };
		BE386FF81C34BF1700020989 /* InfoTableViewCell.m in Sources */ = {isa = PBXBuildFile; fileRef = BE386FF71C34BF1700020989 /* InfoTableViewCell.m */; };
		BE386FFB1C35C6D300020989 /* MentorshipViewController.m in Sources */ = {isa = PBXBuildFile; fileRef = BE386FFA1C35C6D300020989 /* MentorshipViewController.m */; };
		BE386FFE1C35C6EC00020989 /* AnnouncementsViewController.m in Sources */ = {isa = PBXBuildFile; fileRef = BE386FFD1C35C6EC00020989 /* AnnouncementsViewController.m */; };
		BE3870011C35C6FE00020989 /* MapViewController.m in Sources */ = {isa = PBXBuildFile; fileRef = BE3870001C35C6FE00020989 /* MapViewController.m */; };
		BE3870041C35CD3200020989 /* UIViewController+Extensions.m in Sources */ = {isa = PBXBuildFile; fileRef = BE3870031C35CD3200020989 /* UIViewController+Extensions.m */; };
		BE38700D1C35D07000020989 /* SmoochLocalizable.strings in Resources */ = {isa = PBXBuildFile; fileRef = BE38700F1C35D07000020989 /* SmoochLocalizable.strings */; };
		BED5EC731C3703A0002B5385 /* Announcement.m in Sources */ = {isa = PBXBuildFile; fileRef = BED5EC721C3703A0002B5385 /* Announcement.m */; };
		BED5EC771C370474002B5385 /* AnnouncementsStoreController.m in Sources */ = {isa = PBXBuildFile; fileRef = BED5EC761C370474002B5385 /* AnnouncementsStoreController.m */; };
		BED5EC7D1C3884F0002B5385 /* MapStoreController.m in Sources */ = {isa = PBXBuildFile; fileRef = BED5EC7C1C3884F0002B5385 /* MapStoreController.m */; };
		BED5EC801C388526002B5385 /* Map.m in Sources */ = {isa = PBXBuildFile; fileRef = BED5EC7F1C388526002B5385 /* Map.m */; };
		BED5EC831C39AE56002B5385 /* SingleMapViewController.m in Sources */ = {isa = PBXBuildFile; fileRef = BED5EC821C39AE56002B5385 /* SingleMapViewController.m */; };
/* End PBXBuildFile section */

/* Begin PBXFileReference section */
		24FB4BFA7F2809A00C27FC0D /* Pods-Menlo Hacks.debug.xcconfig */ = {isa = PBXFileReference; includeInIndex = 1; lastKnownFileType = text.xcconfig; name = "Pods-Menlo Hacks.debug.xcconfig"; path = "Pods/Target Support Files/Pods-Menlo Hacks/Pods-Menlo Hacks.debug.xcconfig"; sourceTree = "<group>"; };
		797091ECAB229F087FD5839B /* libPods-Menlo Hacks.a */ = {isa = PBXFileReference; explicitFileType = archive.ar; includeInIndex = 0; path = "libPods-Menlo Hacks.a"; sourceTree = BUILT_PRODUCTS_DIR; };
		BE261A001C3321A000BB5920 /* Menlo Hacks.app */ = {isa = PBXFileReference; explicitFileType = wrapper.application; includeInIndex = 0; path = "Menlo Hacks.app"; sourceTree = BUILT_PRODUCTS_DIR; };
		BE261A041C3321A000BB5920 /* main.m */ = {isa = PBXFileReference; lastKnownFileType = sourcecode.c.objc; path = main.m; sourceTree = "<group>"; };
		BE261A061C3321A000BB5920 /* AppDelegate.h */ = {isa = PBXFileReference; lastKnownFileType = sourcecode.c.h; path = AppDelegate.h; sourceTree = "<group>"; };
		BE261A071C3321A000BB5920 /* AppDelegate.m */ = {isa = PBXFileReference; lastKnownFileType = sourcecode.c.objc; path = AppDelegate.m; sourceTree = "<group>"; };
		BE261A091C3321A000BB5920 /* ScheduleViewController.h */ = {isa = PBXFileReference; lastKnownFileType = sourcecode.c.h; path = ScheduleViewController.h; sourceTree = "<group>"; };
		BE261A0A1C3321A000BB5920 /* ScheduleViewController.m */ = {isa = PBXFileReference; lastKnownFileType = sourcecode.c.objc; path = ScheduleViewController.m; sourceTree = "<group>"; };
		BE261A0F1C3321A000BB5920 /* Assets.xcassets */ = {isa = PBXFileReference; lastKnownFileType = folder.assetcatalog; path = Assets.xcassets; sourceTree = "<group>"; };
		BE261A121C3321A000BB5920 /* Base */ = {isa = PBXFileReference; lastKnownFileType = file.storyboard; name = Base; path = Base.lproj/LaunchScreen.storyboard; sourceTree = "<group>"; };
		BE261A141C3321A000BB5920 /* Info.plist */ = {isa = PBXFileReference; lastKnownFileType = text.plist.xml; path = Info.plist; sourceTree = "<group>"; };
		BE386FCC1C33234700020989 /* API Keys.plist */ = {isa = PBXFileReference; fileEncoding = 4; lastKnownFileType = text.plist.xml; path = "API Keys.plist"; sourceTree = "<group>"; };
		BE386FCE1C33250400020989 /* APIKeyStoreController.h */ = {isa = PBXFileReference; fileEncoding = 4; lastKnownFileType = sourcecode.c.h; path = APIKeyStoreController.h; sourceTree = "<group>"; };
		BE386FCF1C33250400020989 /* APIKeyStoreController.m */ = {isa = PBXFileReference; fileEncoding = 4; lastKnownFileType = sourcecode.c.objc; path = APIKeyStoreController.m; sourceTree = "<group>"; };
		BE386FD11C334C2800020989 /* TimeView.h */ = {isa = PBXFileReference; fileEncoding = 4; lastKnownFileType = sourcecode.c.h; path = TimeView.h; sourceTree = "<group>"; };
		BE386FD21C334C2800020989 /* TimeView.m */ = {isa = PBXFileReference; fileEncoding = 4; lastKnownFileType = sourcecode.c.objc; path = TimeView.m; sourceTree = "<group>"; };
		BE386FD41C33554A00020989 /* UIFontDescriptor+AvenirNext.h */ = {isa = PBXFileReference; fileEncoding = 4; lastKnownFileType = sourcecode.c.h; path = "UIFontDescriptor+AvenirNext.h"; sourceTree = "<group>"; };
		BE386FD51C33554A00020989 /* UIFontDescriptor+AvenirNext.m */ = {isa = PBXFileReference; fileEncoding = 4; lastKnownFileType = sourcecode.c.objc; path = "UIFontDescriptor+AvenirNext.m"; sourceTree = "<group>"; };
		BE386FD71C33577900020989 /* AutolayoutHelper.h */ = {isa = PBXFileReference; fileEncoding = 4; lastKnownFileType = sourcecode.c.h; path = AutolayoutHelper.h; sourceTree = "<group>"; };
		BE386FD81C33577900020989 /* AutolayoutHelper.m */ = {isa = PBXFileReference; fileEncoding = 4; lastKnownFileType = sourcecode.c.objc; path = AutolayoutHelper.m; sourceTree = "<group>"; };
		BE386FD91C33577900020989 /* LinearLayout.h */ = {isa = PBXFileReference; fileEncoding = 4; lastKnownFileType = sourcecode.c.h; path = LinearLayout.h; sourceTree = "<group>"; };
		BE386FDA1C33577900020989 /* LinearLayout.m */ = {isa = PBXFileReference; fileEncoding = 4; lastKnownFileType = sourcecode.c.objc; path = LinearLayout.m; sourceTree = "<group>"; };
		BE386FE31C336C9600020989 /* Menlo Hacks-Bridging-Header.h */ = {isa = PBXFileReference; lastKnownFileType = sourcecode.c.h; path = "Menlo Hacks-Bridging-Header.h"; sourceTree = "<group>"; };
		BE386FE61C336D3300020989 /* NSDate+Utilities.h */ = {isa = PBXFileReference; fileEncoding = 4; lastKnownFileType = sourcecode.c.h; path = "NSDate+Utilities.h"; sourceTree = "<group>"; };
		BE386FE71C336D3300020989 /* NSDate+Utilities.m */ = {isa = PBXFileReference; fileEncoding = 4; lastKnownFileType = sourcecode.c.objc; path = "NSDate+Utilities.m"; sourceTree = "<group>"; };
		BE386FE91C34847F00020989 /* MainEventDetailsStoreController.h */ = {isa = PBXFileReference; fileEncoding = 4; lastKnownFileType = sourcecode.c.h; path = MainEventDetailsStoreController.h; sourceTree = "<group>"; };
		BE386FEA1C34847F00020989 /* MainEventDetailsStoreController.m */ = {isa = PBXFileReference; fileEncoding = 4; lastKnownFileType = sourcecode.c.objc; path = MainEventDetailsStoreController.m; sourceTree = "<group>"; };
		BE386FEC1C349D7200020989 /* UIColor+ColorPalette.h */ = {isa = PBXFileReference; fileEncoding = 4; lastKnownFileType = sourcecode.c.h; path = "UIColor+ColorPalette.h"; sourceTree = "<group>"; };
		BE386FED1C349D7200020989 /* UIColor+ColorPalette.m */ = {isa = PBXFileReference; fileEncoding = 4; lastKnownFileType = sourcecode.c.objc; path = "UIColor+ColorPalette.m"; sourceTree = "<group>"; };
		BE386FF01C34A52200020989 /* ScheduleStoreController.h */ = {isa = PBXFileReference; fileEncoding = 4; lastKnownFileType = sourcecode.c.h; path = ScheduleStoreController.h; sourceTree = "<group>"; };
		BE386FF11C34A52200020989 /* ScheduleStoreController.m */ = {isa = PBXFileReference; fileEncoding = 4; lastKnownFileType = sourcecode.c.objc; path = ScheduleStoreController.m; sourceTree = "<group>"; };
		BE386FF31C34A59200020989 /* Event.h */ = {isa = PBXFileReference; fileEncoding = 4; lastKnownFileType = sourcecode.c.h; path = Event.h; sourceTree = "<group>"; };
		BE386FF41C34A59200020989 /* Event.m */ = {isa = PBXFileReference; fileEncoding = 4; lastKnownFileType = sourcecode.c.objc; path = Event.m; sourceTree = "<group>"; };
		BE386FF61C34BF1700020989 /* InfoTableViewCell.h */ = {isa = PBXFileReference; fileEncoding = 4; lastKnownFileType = sourcecode.c.h; path = InfoTableViewCell.h; sourceTree = "<group>"; };
		BE386FF71C34BF1700020989 /* InfoTableViewCell.m */ = {isa = PBXFileReference; fileEncoding = 4; lastKnownFileType = sourcecode.c.objc; path = InfoTableViewCell.m; sourceTree = "<group>"; };
		BE386FF91C35C6D300020989 /* MentorshipViewController.h */ = {isa = PBXFileReference; fileEncoding = 4; lastKnownFileType = sourcecode.c.h; path = MentorshipViewController.h; sourceTree = "<group>"; };
		BE386FFA1C35C6D300020989 /* MentorshipViewController.m */ = {isa = PBXFileReference; fileEncoding = 4; lastKnownFileType = sourcecode.c.objc; path = MentorshipViewController.m; sourceTree = "<group>"; };
		BE386FFC1C35C6EC00020989 /* AnnouncementsViewController.h */ = {isa = PBXFileReference; fileEncoding = 4; lastKnownFileType = sourcecode.c.h; path = AnnouncementsViewController.h; sourceTree = "<group>"; };
		BE386FFD1C35C6EC00020989 /* AnnouncementsViewController.m */ = {isa = PBXFileReference; fileEncoding = 4; lastKnownFileType = sourcecode.c.objc; path = AnnouncementsViewController.m; sourceTree = "<group>"; };
		BE386FFF1C35C6FE00020989 /* MapViewController.h */ = {isa = PBXFileReference; fileEncoding = 4; lastKnownFileType = sourcecode.c.h; path = MapViewController.h; sourceTree = "<group>"; };
		BE3870001C35C6FE00020989 /* MapViewController.m */ = {isa = PBXFileReference; fileEncoding = 4; lastKnownFileType = sourcecode.c.objc; path = MapViewController.m; sourceTree = "<group>"; };
		BE3870021C35CD3200020989 /* UIViewController+Extensions.h */ = {isa = PBXFileReference; fileEncoding = 4; lastKnownFileType = sourcecode.c.h; path = "UIViewController+Extensions.h"; sourceTree = "<group>"; };
		BE3870031C35CD3200020989 /* UIViewController+Extensions.m */ = {isa = PBXFileReference; fileEncoding = 4; lastKnownFileType = sourcecode.c.objc; path = "UIViewController+Extensions.m"; sourceTree = "<group>"; };
		BE38700E1C35D07000020989 /* Base */ = {isa = PBXFileReference; lastKnownFileType = text.plist.strings; name = Base; path = Base.lproj/SmoochLocalizable.strings; sourceTree = "<group>"; };
		BED5EC711C3703A0002B5385 /* Announcement.h */ = {isa = PBXFileReference; fileEncoding = 4; lastKnownFileType = sourcecode.c.h; path = Announcement.h; sourceTree = "<group>"; };
		BED5EC721C3703A0002B5385 /* Announcement.m */ = {isa = PBXFileReference; fileEncoding = 4; lastKnownFileType = sourcecode.c.objc; path = Announcement.m; sourceTree = "<group>"; };
		BED5EC751C370474002B5385 /* AnnouncementsStoreController.h */ = {isa = PBXFileReference; fileEncoding = 4; lastKnownFileType = sourcecode.c.h; path = AnnouncementsStoreController.h; sourceTree = "<group>"; };
		BED5EC761C370474002B5385 /* AnnouncementsStoreController.m */ = {isa = PBXFileReference; fileEncoding = 4; lastKnownFileType = sourcecode.c.objc; path = AnnouncementsStoreController.m; sourceTree = "<group>"; };
		BED5EC7B1C3884F0002B5385 /* MapStoreController.h */ = {isa = PBXFileReference; fileEncoding = 4; lastKnownFileType = sourcecode.c.h; path = MapStoreController.h; sourceTree = "<group>"; };
		BED5EC7C1C3884F0002B5385 /* MapStoreController.m */ = {isa = PBXFileReference; fileEncoding = 4; lastKnownFileType = sourcecode.c.objc; path = MapStoreController.m; sourceTree = "<group>"; };
		BED5EC7E1C388526002B5385 /* Map.h */ = {isa = PBXFileReference; fileEncoding = 4; lastKnownFileType = sourcecode.c.h; path = Map.h; sourceTree = "<group>"; };
		BED5EC7F1C388526002B5385 /* Map.m */ = {isa = PBXFileReference; fileEncoding = 4; lastKnownFileType = sourcecode.c.objc; path = Map.m; sourceTree = "<group>"; };
		BED5EC811C39AE56002B5385 /* SingleMapViewController.h */ = {isa = PBXFileReference; fileEncoding = 4; lastKnownFileType = sourcecode.c.h; path = SingleMapViewController.h; sourceTree = "<group>"; };
		BED5EC821C39AE56002B5385 /* SingleMapViewController.m */ = {isa = PBXFileReference; fileEncoding = 4; lastKnownFileType = sourcecode.c.objc; path = SingleMapViewController.m; sourceTree = "<group>"; };
		CA30B2EA8509E0D8CBEF7A72 /* Pods-Menlo Hacks.release.xcconfig */ = {isa = PBXFileReference; includeInIndex = 1; lastKnownFileType = text.xcconfig; name = "Pods-Menlo Hacks.release.xcconfig"; path = "Pods/Target Support Files/Pods-Menlo Hacks/Pods-Menlo Hacks.release.xcconfig"; sourceTree = "<group>"; };
/* End PBXFileReference section */

/* Begin PBXFrameworksBuildPhase section */
		BE2619FD1C3321A000BB5920 /* Frameworks */ = {
			isa = PBXFrameworksBuildPhase;
			buildActionMask = 2147483647;
			files = (
				2ACC304FF1BE81F0FFF3115E /* libPods-Menlo Hacks.a in Frameworks */,
			);
			runOnlyForDeploymentPostprocessing = 0;
		};
/* End PBXFrameworksBuildPhase section */

/* Begin PBXGroup section */
		0DA1553EEBAED2AC8F4E4BA4 /* Frameworks */ = {
			isa = PBXGroup;
			children = (
				797091ECAB229F087FD5839B /* libPods-Menlo Hacks.a */,
			);
			name = Frameworks;
			sourceTree = "<group>";
		};
		20C4B9905C7DC5BF28D89B34 /* Pods */ = {
			isa = PBXGroup;
			children = (
				24FB4BFA7F2809A00C27FC0D /* Pods-Menlo Hacks.debug.xcconfig */,
				CA30B2EA8509E0D8CBEF7A72 /* Pods-Menlo Hacks.release.xcconfig */,
			);
			name = Pods;
			sourceTree = "<group>";
		};
		BE2619F71C3321A000BB5920 = {
			isa = PBXGroup;
			children = (
				BE261A021C3321A000BB5920 /* Menlo Hacks */,
				BE261A011C3321A000BB5920 /* Products */,
				20C4B9905C7DC5BF28D89B34 /* Pods */,
				0DA1553EEBAED2AC8F4E4BA4 /* Frameworks */,
			);
			sourceTree = "<group>";
		};
		BE261A011C3321A000BB5920 /* Products */ = {
			isa = PBXGroup;
			children = (
				BE261A001C3321A000BB5920 /* Menlo Hacks.app */,
			);
			name = Products;
			sourceTree = "<group>";
		};
		BE261A021C3321A000BB5920 /* Menlo Hacks */ = {
			isa = PBXGroup;
			children = (
				BE38700F1C35D07000020989 /* SmoochLocalizable.strings */,
				BED5EC741C37045A002B5385 /* Parse Classes */,
				BE386FEF1C349D7900020989 /* Categories */,
				BE386FDF1C33579F00020989 /* Views */,
				BE386FDE1C33579000020989 /* ViewControllers */,
				BE386FE11C3357CD00020989 /* Third Party */,
				BE386FE01C3357B100020989 /* StoreControllers */,
				BE261A061C3321A000BB5920 /* AppDelegate.h */,
				BE261A071C3321A000BB5920 /* AppDelegate.m */,
				BE386FCC1C33234700020989 /* API Keys.plist */,
				BE261A0F1C3321A000BB5920 /* Assets.xcassets */,
				BE261A111C3321A000BB5920 /* LaunchScreen.storyboard */,
				BE261A141C3321A000BB5920 /* Info.plist */,
				BE261A031C3321A000BB5920 /* Supporting Files */,
				BE386FE31C336C9600020989 /* Menlo Hacks-Bridging-Header.h */,
			);
			path = "Menlo Hacks";
			sourceTree = "<group>";
		};
		BE261A031C3321A000BB5920 /* Supporting Files */ = {
			isa = PBXGroup;
			children = (
				BE261A041C3321A000BB5920 /* main.m */,
			);
			name = "Supporting Files";
			sourceTree = "<group>";
		};
		BE386FDE1C33579000020989 /* ViewControllers */ = {
			isa = PBXGroup;
			children = (
				BED5EC811C39AE56002B5385 /* SingleMapViewController.h */,
				BED5EC821C39AE56002B5385 /* SingleMapViewController.m */,
				BE386FF91C35C6D300020989 /* MentorshipViewController.h */,
				BE386FFA1C35C6D300020989 /* MentorshipViewController.m */,
				BE386FFC1C35C6EC00020989 /* AnnouncementsViewController.h */,
				BE386FFD1C35C6EC00020989 /* AnnouncementsViewController.m */,
				BE386FFF1C35C6FE00020989 /* MapViewController.h */,
				BE3870001C35C6FE00020989 /* MapViewController.m */,
				BE261A091C3321A000BB5920 /* ScheduleViewController.h */,
				BE261A0A1C3321A000BB5920 /* ScheduleViewController.m */,
			);
			name = ViewControllers;
			sourceTree = "<group>";
		};
		BE386FDF1C33579F00020989 /* Views */ = {
			isa = PBXGroup;
			children = (
				BE386FF61C34BF1700020989 /* InfoTableViewCell.h */,
				BE386FF71C34BF1700020989 /* InfoTableViewCell.m */,
				BE386FD11C334C2800020989 /* TimeView.h */,
				BE386FD21C334C2800020989 /* TimeView.m */,
			);
			name = Views;
			sourceTree = "<group>";
		};
		BE386FE01C3357B100020989 /* StoreControllers */ = {
			isa = PBXGroup;
			children = (
				BED5EC7B1C3884F0002B5385 /* MapStoreController.h */,
				BED5EC7C1C3884F0002B5385 /* MapStoreController.m */,
				BE386FF01C34A52200020989 /* ScheduleStoreController.h */,
				BE386FF11C34A52200020989 /* ScheduleStoreController.m */,
				BED5EC751C370474002B5385 /* AnnouncementsStoreController.h */,
				BED5EC761C370474002B5385 /* AnnouncementsStoreController.m */,
				BE386FE91C34847F00020989 /* MainEventDetailsStoreController.h */,
				BE386FEA1C34847F00020989 /* MainEventDetailsStoreController.m */,
				BE386FCE1C33250400020989 /* APIKeyStoreController.h */,
				BE386FCF1C33250400020989 /* APIKeyStoreController.m */,
			);
			name = StoreControllers;
			sourceTree = "<group>";
		};
		BE386FE11C3357CD00020989 /* Third Party */ = {
			isa = PBXGroup;
			children = (
				BE386FD71C33577900020989 /* AutolayoutHelper.h */,
				BE386FD81C33577900020989 /* AutolayoutHelper.m */,
				BE386FD91C33577900020989 /* LinearLayout.h */,
				BE386FDA1C33577900020989 /* LinearLayout.m */,
			);
			name = "Third Party";
			sourceTree = "<group>";
		};
		BE386FEF1C349D7900020989 /* Categories */ = {
			isa = PBXGroup;
			children = (
				BE3870021C35CD3200020989 /* UIViewController+Extensions.h */,
				BE3870031C35CD3200020989 /* UIViewController+Extensions.m */,
				BE386FEC1C349D7200020989 /* UIColor+ColorPalette.h */,
				BE386FED1C349D7200020989 /* UIColor+ColorPalette.m */,
				BE386FE61C336D3300020989 /* NSDate+Utilities.h */,
				BE386FE71C336D3300020989 /* NSDate+Utilities.m */,
				BE386FD41C33554A00020989 /* UIFontDescriptor+AvenirNext.h */,
				BE386FD51C33554A00020989 /* UIFontDescriptor+AvenirNext.m */,
			);
			name = Categories;
			sourceTree = "<group>";
		};
		BED5EC741C37045A002B5385 /* Parse Classes */ = {
			isa = PBXGroup;
			children = (
				BED5EC711C3703A0002B5385 /* Announcement.h */,
				BED5EC721C3703A0002B5385 /* Announcement.m */,
				BE386FF31C34A59200020989 /* Event.h */,
				BE386FF41C34A59200020989 /* Event.m */,
				BED5EC7E1C388526002B5385 /* Map.h */,
				BED5EC7F1C388526002B5385 /* Map.m */,
			);
			name = "Parse Classes";
			sourceTree = "<group>";
		};
/* End PBXGroup section */

/* Begin PBXNativeTarget section */
		BE2619FF1C3321A000BB5920 /* Menlo Hacks */ = {
			isa = PBXNativeTarget;
			buildConfigurationList = BE261A171C3321A000BB5920 /* Build configuration list for PBXNativeTarget "Menlo Hacks" */;
			buildPhases = (
				321CC09D8DCBCAB3CF8A7CA4 /* Check Pods Manifest.lock */,
				BE2619FC1C3321A000BB5920 /* Sources */,
				BE2619FD1C3321A000BB5920 /* Frameworks */,
				BE2619FE1C3321A000BB5920 /* Resources */,
				4E050C509A6D7DF446788E53 /* Embed Pods Frameworks */,
				2AB44585E31D98A1D36EE1C3 /* Copy Pods Resources */,
			);
			buildRules = (
			);
			dependencies = (
			);
			name = "Menlo Hacks";
			productName = "Menlo Hacks";
			productReference = BE261A001C3321A000BB5920 /* Menlo Hacks.app */;
			productType = "com.apple.product-type.application";
		};
/* End PBXNativeTarget section */

/* Begin PBXProject section */
		BE2619F81C3321A000BB5920 /* Project object */ = {
			isa = PBXProject;
			attributes = {
				LastUpgradeCheck = 0720;
				ORGANIZATIONNAME = MenloHacks;
				TargetAttributes = {
					BE2619FF1C3321A000BB5920 = {
						CreatedOnToolsVersion = 7.2;
					};
				};
			};
			buildConfigurationList = BE2619FB1C3321A000BB5920 /* Build configuration list for PBXProject "Menlo Hacks" */;
			compatibilityVersion = "Xcode 3.2";
			developmentRegion = English;
			hasScannedForEncodings = 0;
			knownRegions = (
				en,
				Base,
			);
			mainGroup = BE2619F71C3321A000BB5920;
			productRefGroup = BE261A011C3321A000BB5920 /* Products */;
			projectDirPath = "";
			projectRoot = "";
			targets = (
				BE2619FF1C3321A000BB5920 /* Menlo Hacks */,
			);
		};
/* End PBXProject section */

/* Begin PBXResourcesBuildPhase section */
		BE2619FE1C3321A000BB5920 /* Resources */ = {
			isa = PBXResourcesBuildPhase;
			buildActionMask = 2147483647;
			files = (
				BE38700D1C35D07000020989 /* SmoochLocalizable.strings in Resources */,
				BE261A131C3321A000BB5920 /* LaunchScreen.storyboard in Resources */,
				BE261A101C3321A000BB5920 /* Assets.xcassets in Resources */,
				BE386FCD1C33234700020989 /* API Keys.plist in Resources */,
			);
			runOnlyForDeploymentPostprocessing = 0;
		};
/* End PBXResourcesBuildPhase section */

/* Begin PBXShellScriptBuildPhase section */
		2AB44585E31D98A1D36EE1C3 /* Copy Pods Resources */ = {
			isa = PBXShellScriptBuildPhase;
			buildActionMask = 2147483647;
			files = (
			);
			inputPaths = (
			);
			name = "Copy Pods Resources";
			outputPaths = (
			);
			runOnlyForDeploymentPostprocessing = 0;
			shellPath = /bin/sh;
			shellScript = "\"${SRCROOT}/Pods/Target Support Files/Pods-Menlo Hacks/Pods-Menlo Hacks-resources.sh\"\n";
			showEnvVarsInLog = 0;
		};
		321CC09D8DCBCAB3CF8A7CA4 /* Check Pods Manifest.lock */ = {
			isa = PBXShellScriptBuildPhase;
			buildActionMask = 2147483647;
			files = (
			);
			inputPaths = (
			);
			name = "Check Pods Manifest.lock";
			outputPaths = (
			);
			runOnlyForDeploymentPostprocessing = 0;
			shellPath = /bin/sh;
			shellScript = "diff \"${PODS_ROOT}/../Podfile.lock\" \"${PODS_ROOT}/Manifest.lock\" > /dev/null\nif [[ $? != 0 ]] ; then\n    cat << EOM\nerror: The sandbox is not in sync with the Podfile.lock. Run 'pod install' or update your CocoaPods installation.\nEOM\n    exit 1\nfi\n";
			showEnvVarsInLog = 0;
		};
		4E050C509A6D7DF446788E53 /* Embed Pods Frameworks */ = {
			isa = PBXShellScriptBuildPhase;
			buildActionMask = 2147483647;
			files = (
			);
			inputPaths = (
			);
			name = "Embed Pods Frameworks";
			outputPaths = (
			);
			runOnlyForDeploymentPostprocessing = 0;
			shellPath = /bin/sh;
			shellScript = "\"${SRCROOT}/Pods/Target Support Files/Pods-Menlo Hacks/Pods-Menlo Hacks-frameworks.sh\"\n";
			showEnvVarsInLog = 0;
		};
/* End PBXShellScriptBuildPhase section */

/* Begin PBXSourcesBuildPhase section */
		BE2619FC1C3321A000BB5920 /* Sources */ = {
			isa = PBXSourcesBuildPhase;
			buildActionMask = 2147483647;
			files = (
				BED5EC801C388526002B5385 /* Map.m in Sources */,
				BED5EC771C370474002B5385 /* AnnouncementsStoreController.m in Sources */,
				BE3870041C35CD3200020989 /* UIViewController+Extensions.m in Sources */,
				BED5EC831C39AE56002B5385 /* SingleMapViewController.m in Sources */,
				BE261A0B1C3321A000BB5920 /* ScheduleViewController.m in Sources */,
				BE261A081C3321A000BB5920 /* AppDelegate.m in Sources */,
				BE386FEB1C34847F00020989 /* MainEventDetailsStoreController.m in Sources */,
				BE386FF51C34A59200020989 /* Event.m in Sources */,
				BE386FDC1C33577900020989 /* LinearLayout.m in Sources */,
				BE386FFE1C35C6EC00020989 /* AnnouncementsViewController.m in Sources */,
				BE386FD31C334C2800020989 /* TimeView.m in Sources */,
				BE386FF81C34BF1700020989 /* InfoTableViewCell.m in Sources */,
				BE386FE81C336D3300020989 /* NSDate+Utilities.m in Sources */,
				BE386FD61C33554A00020989 /* UIFontDescriptor+AvenirNext.m in Sources */,
				BE386FEE1C349D7200020989 /* UIColor+ColorPalette.m in Sources */,
				BE386FD01C33250400020989 /* APIKeyStoreController.m in Sources */,
				BE261A051C3321A000BB5920 /* main.m in Sources */,
				BED5EC731C3703A0002B5385 /* Announcement.m in Sources */,
				BE386FFB1C35C6D300020989 /* MentorshipViewController.m in Sources */,
				BE386FF21C34A52200020989 /* ScheduleStoreController.m in Sources */,
				BED5EC7D1C3884F0002B5385 /* MapStoreController.m in Sources */,
				BE3870011C35C6FE00020989 /* MapViewController.m in Sources */,
				BE386FDB1C33577900020989 /* AutolayoutHelper.m in Sources */,
			);
			runOnlyForDeploymentPostprocessing = 0;
		};
/* End PBXSourcesBuildPhase section */

/* Begin PBXVariantGroup section */
		BE261A111C3321A000BB5920 /* LaunchScreen.storyboard */ = {
			isa = PBXVariantGroup;
			children = (
				BE261A121C3321A000BB5920 /* Base */,
			);
			name = LaunchScreen.storyboard;
			sourceTree = "<group>";
		};
		BE38700F1C35D07000020989 /* SmoochLocalizable.strings */ = {
			isa = PBXVariantGroup;
			children = (
				BE38700E1C35D07000020989 /* Base */,
			);
			name = SmoochLocalizable.strings;
			sourceTree = "<group>";
		};
/* End PBXVariantGroup section */

/* Begin XCBuildConfiguration section */
		BE261A151C3321A000BB5920 /* Debug */ = {
			isa = XCBuildConfiguration;
			buildSettings = {
				ALWAYS_SEARCH_USER_PATHS = NO;
				CLANG_CXX_LANGUAGE_STANDARD = "gnu++0x";
				CLANG_CXX_LIBRARY = "libc++";
				CLANG_ENABLE_MODULES = YES;
				CLANG_ENABLE_OBJC_ARC = YES;
				CLANG_WARN_BOOL_CONVERSION = YES;
				CLANG_WARN_CONSTANT_CONVERSION = YES;
				CLANG_WARN_DIRECT_OBJC_ISA_USAGE = YES_ERROR;
				CLANG_WARN_EMPTY_BODY = YES;
				CLANG_WARN_ENUM_CONVERSION = YES;
				CLANG_WARN_INT_CONVERSION = YES;
				CLANG_WARN_OBJC_ROOT_CLASS = YES_ERROR;
				CLANG_WARN_UNREACHABLE_CODE = YES;
				CLANG_WARN__DUPLICATE_METHOD_MATCH = YES;
				"CODE_SIGN_IDENTITY[sdk=iphoneos*]" = "iPhone Developer";
				COPY_PHASE_STRIP = NO;
				DEBUG_INFORMATION_FORMAT = dwarf;
				ENABLE_STRICT_OBJC_MSGSEND = YES;
				ENABLE_TESTABILITY = YES;
				GCC_C_LANGUAGE_STANDARD = gnu99;
				GCC_DYNAMIC_NO_PIC = NO;
				GCC_NO_COMMON_BLOCKS = YES;
				GCC_OPTIMIZATION_LEVEL = 0;
				GCC_PREPROCESSOR_DEFINITIONS = (
					"DEBUG=1",
					"$(inherited)",
				);
				GCC_WARN_64_TO_32_BIT_CONVERSION = YES;
				GCC_WARN_ABOUT_RETURN_TYPE = YES_ERROR;
				GCC_WARN_UNDECLARED_SELECTOR = YES;
				GCC_WARN_UNINITIALIZED_AUTOS = YES_AGGRESSIVE;
				GCC_WARN_UNUSED_FUNCTION = YES;
				GCC_WARN_UNUSED_VARIABLE = YES;
				IPHONEOS_DEPLOYMENT_TARGET = 9.2;
				MTL_ENABLE_DEBUG_INFO = YES;
				ONLY_ACTIVE_ARCH = YES;
				SDKROOT = iphoneos;
			};
			name = Debug;
		};
		BE261A161C3321A000BB5920 /* Release */ = {
			isa = XCBuildConfiguration;
			buildSettings = {
				ALWAYS_SEARCH_USER_PATHS = NO;
				CLANG_CXX_LANGUAGE_STANDARD = "gnu++0x";
				CLANG_CXX_LIBRARY = "libc++";
				CLANG_ENABLE_MODULES = YES;
				CLANG_ENABLE_OBJC_ARC = YES;
				CLANG_WARN_BOOL_CONVERSION = YES;
				CLANG_WARN_CONSTANT_CONVERSION = YES;
				CLANG_WARN_DIRECT_OBJC_ISA_USAGE = YES_ERROR;
				CLANG_WARN_EMPTY_BODY = YES;
				CLANG_WARN_ENUM_CONVERSION = YES;
				CLANG_WARN_INT_CONVERSION = YES;
				CLANG_WARN_OBJC_ROOT_CLASS = YES_ERROR;
				CLANG_WARN_UNREACHABLE_CODE = YES;
				CLANG_WARN__DUPLICATE_METHOD_MATCH = YES;
				"CODE_SIGN_IDENTITY[sdk=iphoneos*]" = "iPhone Developer";
				COPY_PHASE_STRIP = NO;
				DEBUG_INFORMATION_FORMAT = "dwarf-with-dsym";
				ENABLE_NS_ASSERTIONS = NO;
				ENABLE_STRICT_OBJC_MSGSEND = YES;
				GCC_C_LANGUAGE_STANDARD = gnu99;
				GCC_NO_COMMON_BLOCKS = YES;
				GCC_WARN_64_TO_32_BIT_CONVERSION = YES;
				GCC_WARN_ABOUT_RETURN_TYPE = YES_ERROR;
				GCC_WARN_UNDECLARED_SELECTOR = YES;
				GCC_WARN_UNINITIALIZED_AUTOS = YES_AGGRESSIVE;
				GCC_WARN_UNUSED_FUNCTION = YES;
				GCC_WARN_UNUSED_VARIABLE = YES;
				IPHONEOS_DEPLOYMENT_TARGET = 9.2;
				MTL_ENABLE_DEBUG_INFO = NO;
				SDKROOT = iphoneos;
				VALIDATE_PRODUCT = YES;
			};
			name = Release;
		};
		BE261A181C3321A000BB5920 /* Debug */ = {
			isa = XCBuildConfiguration;
			baseConfigurationReference = 24FB4BFA7F2809A00C27FC0D /* Pods-Menlo Hacks.debug.xcconfig */;
			buildSettings = {
				ASSETCATALOG_COMPILER_APPICON_NAME = AppIcon;
				CLANG_ENABLE_MODULES = YES;
				INFOPLIST_FILE = "Menlo Hacks/Info.plist";
				IPHONEOS_DEPLOYMENT_TARGET = 8.0;
				LD_RUNPATH_SEARCH_PATHS = "$(inherited) @executable_path/Frameworks";
				PRODUCT_BUNDLE_IDENTIFIER = "com.menlohacks.Menlo-Hacks";
				PRODUCT_NAME = "$(TARGET_NAME)";
				SWIFT_OBJC_BRIDGING_HEADER = "Menlo Hacks/Menlo Hacks-Bridging-Header.h";
				SWIFT_OPTIMIZATION_LEVEL = "-Onone";
			};
			name = Debug;
		};
		BE261A191C3321A000BB5920 /* Release */ = {
			isa = XCBuildConfiguration;
			baseConfigurationReference = CA30B2EA8509E0D8CBEF7A72 /* Pods-Menlo Hacks.release.xcconfig */;
			buildSettings = {
				ASSETCATALOG_COMPILER_APPICON_NAME = AppIcon;
				CLANG_ENABLE_MODULES = YES;
				INFOPLIST_FILE = "Menlo Hacks/Info.plist";
				IPHONEOS_DEPLOYMENT_TARGET = 8.0;
				LD_RUNPATH_SEARCH_PATHS = "$(inherited) @executable_path/Frameworks";
				PRODUCT_BUNDLE_IDENTIFIER = "com.menlohacks.Menlo-Hacks";
				PRODUCT_NAME = "$(TARGET_NAME)";
				SWIFT_OBJC_BRIDGING_HEADER = "Menlo Hacks/Menlo Hacks-Bridging-Header.h";
			};
			name = Release;
		};
/* End XCBuildConfiguration section */

/* Begin XCConfigurationList section */
		BE2619FB1C3321A000BB5920 /* Build configuration list for PBXProject "Menlo Hacks" */ = {
			isa = XCConfigurationList;
			buildConfigurations = (
				BE261A151C3321A000BB5920 /* Debug */,
				BE261A161C3321A000BB5920 /* Release */,
			);
			defaultConfigurationIsVisible = 0;
			defaultConfigurationName = Release;
		};
		BE261A171C3321A000BB5920 /* Build configuration list for PBXNativeTarget "Menlo Hacks" */ = {
			isa = XCConfigurationList;
			buildConfigurations = (
				BE261A181C3321A000BB5920 /* Debug */,
				BE261A191C3321A000BB5920 /* Release */,
			);
			defaultConfigurationIsVisible = 0;
			defaultConfigurationName = Release;
		};
/* End XCConfigurationList section */
	};
	rootObject = BE2619F81C3321A000BB5920 /* Project object */;
}
