PODS:
  - Bolts (1.8.4):
    - Bolts/AppLinks (= 1.8.4)
    - Bolts/Tasks (= 1.8.4)
  - Bolts/AppLinks (1.8.4):
    - Bolts/Tasks
  - Bolts/Tasks (1.8.4)
  - MBCircularProgressBar (0.3.4)
  - Realm (2.1.2):
    - Realm/Headers (= 2.1.2)
  - Realm/Headers (2.1.2)
  - Smooch (4.0.3)

DEPENDENCIES:
  - Bolts
  - MBCircularProgressBar
  - Realm
  - Smooch

SPEC CHECKSUMS:
  Bolts: 8a7995239dbe724f9cba2248b766d48b7ebdd322
  MBCircularProgressBar: ff3b8e2f441214d9ee122a24ba0d4d00cc7de881
  Realm: efe855f4d977c8ce5a82d3116d9f1ff155a6550c
  Smooch: b423ce0b64c247c1ad8ae262c5a777300d9eafdd

PODFILE CHECKSUM: 50b862b1fdde9e6cdb3fd0d7a59eebc42f52f1b7

COCOAPODS: 1.1.1
